
Microsoft Visual Studio Solution File, Format Version 12.00
# Visual Studio Version 17
VisualStudioVersion = 17.8.34330.188
MinimumVisualStudioVersion = 10.0.40219.1
Project("{FAE04EC0-301F-11D3-BF4B-00C04F79EFBC}") = "proje", "proje\proje.csproj", "{ADBED7DB-D21C-442C-88BB-98E57E875AD2}"
EndProject
Global
	GlobalSection(SolutionConfigurationPlatforms) = preSolution
		Debug|Any CPU = Debug|Any CPU
		Release|Any CPU = Release|Any CPU
	EndGlobalSection
	GlobalSection(ProjectConfigurationPlatforms) = postSolution
		{ADBED7DB-D21C-442C-88BB-98E57E875AD2}.Debug|Any CPU.ActiveCfg = Debug|Any CPU
		{ADBED7DB-D21C-442C-88BB-98E57E875AD2}.Debug|Any CPU.Build.0 = Debug|Any CPU
		{ADBED7DB-D21C-442C-88BB-98E57E875AD2}.Release|Any CPU.ActiveCfg = Release|Any CPU
		{ADBED7DB-D21C-442C-88BB-98E57E875AD2}.Release|Any CPU.Build.0 = Release|Any CPU
	EndGlobalSection
	GlobalSection(SolutionProperties) = preSolution
		HideSolutionNode = FALSE
	EndGlobalSection
	GlobalSection(ExtensibilityGlobals) = postSolution
		SolutionGuid = {8126217C-0E79-477E-9A10-D68E836A2590}
	EndGlobalSection
EndGlobal
